// !$*UTF8*$!
{
	archiveVersion = 1;
	classes = {
	};
	objectVersion = 39;
	objects = {
		080E96DCFE201CFB7F000001 = {
			fileRef = 29B97318FDCFA39411CA2CEA;
			isa = PBXBuildFile;
			settings = {
			};
		};
		080E96DDFE201D6D7F000001 = {
			children = (
				F2ABB4D504B76E8B006A8F0E,
				F2ABB4D604B76E8B006A8F0E,
				F2BFB9B104B89C1D0085C4AC,
				F2BFB9B204B89C1D0085C4AC,
				F2B3C1C304B48990008FB189,
				F2B3C1C404B48990008FB189,
				F2D5C97F04D01675009D3217,
				F2D5C98104D01684009D3217,
				F265026604BF76F50099FD16,
				F265026704BF76F50099FD16,
				F2CBECB004B4D1890052BE5F,
				F2CBECB104B4D1890052BE5F,
				F2CD26A404B477F30003D579,
				F2CD26A504B477F30003D579,
				F24508A204BB163A00664F50,
				F24508A304BB163A00664F50,
				F2CFBFB104D331C700062083,
				F2CFBFB204D331C700062083,
				F26D7EC904D5E9BA00388118,
				F26D7ECA04D5E9BA00388118,
				F2E74A2804D6A1A300494E10,
				F2E74A2904D6A1A300494E10,
				F2B09AC904DB2C7C00203F18,
				F2B09ACA04DB2C7C00203F18,
				F2B6AE4D07F5933000F80727,
				F2B6AE4E07F5933000F80727,
			);
			isa = PBXGroup;
			name = Classes;
			refType = 4;
			sourceTree = "<group>";
		};
		089C165CFE840E0CC02AAC07 = {
			children = (
				089C165DFE840E0CC02AAC07,
				F2E139220502402B0059D1F0,
				F290B98F0505E6CF00DB1354,
				F2FE115807C91E1B00C0DC93,
				F2FE115907C91E1D00C0DC93,
				F2EBA8CD07C939340093A065,
			);
			isa = PBXVariantGroup;
			name = InfoPlist.strings;
			refType = 4;
			sourceTree = "<group>";
		};
		089C165DFE840E0CC02AAC07 = {
			fileEncoding = 10;
			isa = PBXFileReference;
			lastKnownFileType = text.plist.strings;
			name = English;
			path = English.lproj/InfoPlist.strings;
			refType = 4;
			sourceTree = "<group>";
		};
		089C165EFE840E0CC02AAC07 = {
			fileRef = 089C165CFE840E0CC02AAC07;
			isa = PBXBuildFile;
			settings = {
			};
		};
//080
//081
//082
//083
//084
//100
//101
//102
//103
//104
		1058C7A0FEA54F0111CA2CBB = {
			children = (
				1058C7A1FEA54F0111CA2CBB,
			);
			isa = PBXGroup;
			name = "Linked Frameworks";
			refType = 4;
			sourceTree = "<group>";
		};
		1058C7A1FEA54F0111CA2CBB = {
			isa = PBXFileReference;
			lastKnownFileType = wrapper.framework;
			name = Cocoa.framework;
			path = /System/Library/Frameworks/Cocoa.framework;
			refType = 0;
			sourceTree = "<absolute>";
		};
		1058C7A2FEA54F0111CA2CBB = {
			children = (
				29B97325FDCFA39411CA2CEA,
				29B97324FDCFA39411CA2CEA,
			);
			isa = PBXGroup;
			name = "Other Frameworks";
			refType = 4;
			sourceTree = "<group>";
		};
		1058C7A3FEA54F0111CA2CBB = {
			fileRef = 1058C7A1FEA54F0111CA2CBB;
			isa = PBXBuildFile;
			settings = {
			};
		};
//100
//101
//102
//103
//104
//170
//171
//172
//173
//174
		17587328FF379C6511CA2CBB = {
			explicitFileType = wrapper.application;
			isa = PBXFileReference;
			path = Freecell.app;
			refType = 3;
			sourceTree = BUILT_PRODUCTS_DIR;
		};
//170
//171
//172
//173
//174
//190
//191
//192
//193
//194
		19C28FACFE9D520D11CA2CBB = {
			children = (
				17587328FF379C6511CA2CBB,
			);
			isa = PBXGroup;
			name = Products;
			refType = 4;
			sourceTree = "<group>";
		};
//190
//191
//192
//193
//194
//290
//291
//292
//293
//294
		29B97313FDCFA39411CA2CEA = {
			buildSettings = {
			};
			buildStyles = (
				4A9504CCFFE6A4B311CA0CBA,
				4A9504CDFFE6A4B311CA0CBA,
			);
			hasScannedForEncodings = 1;
			isa = PBXProject;
			knownRegions = (
				English,
				Japanese,
				French,
				German,
				Dutch,
				Spanish,
				Finnish,
			);
			mainGroup = 29B97314FDCFA39411CA2CEA;
			projectDirPath = "";
			targets = (
				29B97326FDCFA39411CA2CEA,
			);
		};
		29B97314FDCFA39411CA2CEA = {
			children = (
				080E96DDFE201D6D7F000001,
				29B97315FDCFA39411CA2CEA,
				29B97317FDCFA39411CA2CEA,
				29B97323FDCFA39411CA2CEA,
				19C28FACFE9D520D11CA2CBB,
				F2C630BD04E07BDA00926905,
			);
			isa = PBXGroup;
			name = Freecell;
			path = "";
			refType = 4;
			sourceTree = "<group>";
		};
		29B97315FDCFA39411CA2CEA = {
			children = (
				32CA4F630368D1EE00C91783,
				29B97316FDCFA39411CA2CEA,
			);
			isa = PBXGroup;
			name = "Other Sources";
			path = "";
			refType = 4;
			sourceTree = "<group>";
		};
		29B97316FDCFA39411CA2CEA = {
			fileEncoding = 30;
			isa = PBXFileReference;
			lastKnownFileType = sourcecode.c.objc;
			path = main.m;
			refType = 4;
			sourceTree = "<group>";
		};
		29B97317FDCFA39411CA2CEA = {
			children = (
				F2F17F5C04E07FD4003ED142,
				F2E57CE104C20E36005D2EDB,
				29B97318FDCFA39411CA2CEA,
				F2BD40BD04E06C960098C7F4,
				089C165CFE840E0CC02AAC07,
				F263A24604DB34FB00922A1B,
			);
			isa = PBXGroup;
			name = Resources;
			path = "";
			refType = 4;
			sourceTree = "<group>";
		};
		29B97318FDCFA39411CA2CEA = {
			children = (
				29B97319FDCFA39411CA2CEA,
				F2E13920050240090059D1F0,
				F290B98E0505E6BD00DB1354,
				F2FE114707C91DD800C0DC93,
				F2FE114807C91DDB00C0DC93,
				F2EBA8CA07C9391D0093A065,
			);
			isa = PBXVariantGroup;
			name = MainMenu.nib;
			path = "";
			refType = 4;
			sourceTree = "<group>";
		};
		29B97319FDCFA39411CA2CEA = {
			isa = PBXFileReference;
			lastKnownFileType = wrapper.nib;
			name = English;
			path = English.lproj/MainMenu.nib;
			refType = 4;
			sourceTree = "<group>";
		};
		29B97323FDCFA39411CA2CEA = {
			children = (
				1058C7A0FEA54F0111CA2CBB,
				1058C7A2FEA54F0111CA2CBB,
			);
			isa = PBXGroup;
			name = Frameworks;
			path = "";
			refType = 4;
			sourceTree = "<group>";
		};
		29B97324FDCFA39411CA2CEA = {
			isa = PBXFileReference;
			lastKnownFileType = wrapper.framework;
			name = AppKit.framework;
			path = /System/Library/Frameworks/AppKit.framework;
			refType = 0;
			sourceTree = "<absolute>";
		};
		29B97325FDCFA39411CA2CEA = {
			isa = PBXFileReference;
			lastKnownFileType = wrapper.framework;
			name = Foundation.framework;
			path = /System/Library/Frameworks/Foundation.framework;
			refType = 0;
			sourceTree = "<absolute>";
		};
		29B97326FDCFA39411CA2CEA = {
			buildPhases = (
				29B97327FDCFA39411CA2CEA,
				29B97328FDCFA39411CA2CEA,
				29B9732BFDCFA39411CA2CEA,
				29B9732DFDCFA39411CA2CEA,
			);
			buildSettings = {
				CURRENT_PROJECT_VERSION = 52;
				FRAMEWORK_SEARCH_PATHS = "";
				GCC_TREAT_WARNINGS_AS_ERRORS = YES;
				HEADER_SEARCH_PATHS = "";
				LIBRARY_SEARCH_PATHS = "";
				OTHER_CFLAGS = "";
				OTHER_LDFLAGS = "";
				PRECOMPILE_PREFIX_HEADER = YES;
				PREFIX_HEADER = Freecell_Prefix.h;
				PRODUCT_NAME = Freecell;
				SECTORDER_FLAGS = "";
				VERSIONING_SYSTEM = "apple-generic";
				WARNING_CFLAGS = "-Wmost -Wno-four-char-constants -Wno-unknown-pragmas";
				WRAPPER_EXTENSION = app;
			};
			dependencies = (
			);
			isa = PBXApplicationTarget;
			name = Freecell;
			productName = Freecell;
			productReference = 17587328FF379C6511CA2CBB;
			productSettingsXML = "<?xml version=\"1.0\" encoding=\"UTF-8\"?>
<!DOCTYPE plist PUBLIC \"-//Apple Computer//DTD PLIST 1.0//EN\" \"http://www.apple.com/DTDs/PropertyList-1.0.dtd\">
<plist version=\"1.0\">
<dict>
	<key>CFBundleDevelopmentRegion</key>
	<string>English</string>
	<key>CFBundleExecutable</key>
	<string>Freecell</string>
	<key>CFBundleGetInfoString</key>
	<string>2.0.3</string>
	<key>CFBundleHelpBookFolder</key>
	<string>Help</string>
	<key>CFBundleIconFile</key>
	<string>Freecell.icns</string>
	<key>CFBundleIdentifier</key>
	<string>org.wasters.Freecell</string>
	<key>CFBundleInfoDictionaryVersion</key>
	<string>6.0</string>
	<key>CFBundleName</key>
	<string>Freecell</string>
	<key>CFBundlePackageType</key>
	<string>APPL</string>
	<key>CFBundleShortVersionString</key>
	<string>2.0.3</string>
	<key>CFBundleSignature</key>
	<string>????</string>
	<key>CFBundleVersion</key>
	<string>52</string>
	<key>NSMainNibFile</key>
	<string>MainMenu</string>
	<key>NSPrincipalClass</key>
	<string>NSApplication</string>
</dict>
</plist>
";
		};
		29B97327FDCFA39411CA2CEA = {
			buildActionMask = 2147483647;
			files = (
				32CA4F650368D2AA00C91783,
				F2CD26A604B477F30003D579,
				F2B3C1C504B48990008FB189,
				F2CBECB204B4D1890052BE5F,
				F2BFB9B304B89C1D0085C4AC,
				F24508A404BB163A00664F50,
				F265026804BF76F50099FD16,
				F2E8E6CB04D016B00030A4AD,
				F2CFBFB304D331C700062083,
				F26D7ECB04D5E9BA00388118,
				F2E74A2A04D6A1A300494E10,
				F2B09ACB04DB2C7C00203F18,
				F2A0197104FF51B8001757F2,
				F2B6AE5007F5933000F80727,
			);
			isa = PBXHeadersBuildPhase;
			runOnlyForDeploymentPostprocessing = 0;
		};
		29B97328FDCFA39411CA2CEA = {
			buildActionMask = 2147483647;
			files = (
				080E96DCFE201CFB7F000001,
				089C165EFE840E0CC02AAC07,
				F2E57CE204C20E36005D2EDB,
				F2F17F5D04E07FD4003ED142,
				F2BD40BF04E06C960098C7F4,
				F2C630D104E07BDA00926905,
				F241643D07C7A06B002C0965,
			);
			isa = PBXResourcesBuildPhase;
			runOnlyForDeploymentPostprocessing = 0;
		};
		29B9732BFDCFA39411CA2CEA = {
			buildActionMask = 2147483647;
			files = (
				29B9732CFDCFA39411CA2CEA,
				F2CD26A704B477F30003D579,
				F2CBECB304B4D1890052BE5F,
				F2ABB4D804B76E8B006A8F0E,
				F2BFB9B404B89C1D0085C4AC,
				F24508A504BB163A00664F50,
				F265026904BF76F50099FD16,
				F2BE027E04C067C50069C297,
				F2D5C98304D01684009D3217,
				F2CFBFB404D331C700062083,
				F26D7ECC04D5E9BA00388118,
				F2E74A2B04D6A1A300494E10,
				F2B09ACC04DB2C7C00203F18,
				F2B6AE4F07F5933000F80727,
			);
			isa = PBXSourcesBuildPhase;
			runOnlyForDeploymentPostprocessing = 0;
		};
		29B9732CFDCFA39411CA2CEA = {
			fileRef = 29B97316FDCFA39411CA2CEA;
			isa = PBXBuildFile;
			settings = {
				ATTRIBUTES = (
				);
			};
		};
		29B9732DFDCFA39411CA2CEA = {
			buildActionMask = 2147483647;
			files = (
				1058C7A3FEA54F0111CA2CBB,
			);
			isa = PBXFrameworksBuildPhase;
			runOnlyForDeploymentPostprocessing = 0;
		};
//290
//291
//292
//293
//294
//320
//321
//322
//323
//324
		32CA4F630368D1EE00C91783 = {
			fileEncoding = 4;
			isa = PBXFileReference;
			lastKnownFileType = sourcecode.c.h;
			path = Freecell_Prefix.h;
			refType = 4;
			sourceTree = "<group>";
		};
		32CA4F650368D2AA00C91783 = {
			fileRef = 32CA4F630368D1EE00C91783;
			isa = PBXBuildFile;
			settings = {
			};
		};
//320
//321
//322
//323
//324
//4A0
//4A1
//4A2
//4A3
//4A4
		4A9504CCFFE6A4B311CA0CBA = {
			buildSettings = {
				COPY_PHASE_STRIP = NO;
				GCC_DYNAMIC_NO_PIC = NO;
				GCC_ENABLE_FIX_AND_CONTINUE = YES;
				GCC_GENERATE_DEBUGGING_SYMBOLS = YES;
				GCC_OPTIMIZATION_LEVEL = 0;
				OPTIMIZATION_CFLAGS = "-O0";
				ZERO_LINK = YES;
			};
			isa = PBXBuildStyle;
			name = Development;
		};
		4A9504CDFFE6A4B311CA0CBA = {
			buildSettings = {
				COPY_PHASE_STRIP = YES;
				GCC_ENABLE_FIX_AND_CONTINUE = NO;
				VERSIONING_SYSTEM = "apple-generic";
				ZERO_LINK = NO;
			};
			isa = PBXBuildStyle;
			name = Deployment;
		};
//4A0
//4A1
//4A2
//4A3
//4A4
//F20
//F21
//F22
//F23
//F24
		F21273FF0508ADD60038B809 = {
			includeInIndex = 1;
			isa = PBXFileReference;
			lastKnownFileType = folder;
			name = French;
			path = French.lproj/Help;
			refType = 4;
			sourceTree = "<group>";
		};
		F241643C07C7A06B002C0965 = {
			isa = PBXFileReference;
			lastKnownFileType = image.png;
			name = bonded.png;
			path = Cards/bonded.png;
			refType = 4;
			sourceTree = "<group>";
		};
		F241643D07C7A06B002C0965 = {
			fileRef = F241643C07C7A06B002C0965;
			isa = PBXBuildFile;
			settings = {
			};
		};
		F24508A204BB163A00664F50 = {
			fileEncoding = 30;
			isa = PBXFileReference;
			lastKnownFileType = sourcecode.c.h;
			path = GameController.h;
			refType = 4;
			sourceTree = "<group>";
		};
		F24508A304BB163A00664F50 = {
			fileEncoding = 30;
			isa = PBXFileReference;
			lastKnownFileType = sourcecode.c.objc;
			path = GameController.m;
			refType = 4;
			sourceTree = "<group>";
		};
		F24508A404BB163A00664F50 = {
			fileRef = F24508A204BB163A00664F50;
			isa = PBXBuildFile;
			settings = {
			};
		};
		F24508A504BB163A00664F50 = {
			fileRef = F24508A304BB163A00664F50;
			isa = PBXBuildFile;
			settings = {
			};
		};
		F247590907C9436F007E46D8 = {
			isa = PBXFileReference;
			lastKnownFileType = folder;
			name = Finnish;
			path = Finnish.lproj/Help;
			refType = 4;
			sourceTree = "<group>";
		};
		F263A24604DB34FB00922A1B = {
			children = (
				F241643C07C7A06B002C0965,
			);
			isa = PBXGroup;
			name = Cards;
			refType = 4;
			sourceTree = "<group>";
		};
		F265026604BF76F50099FD16 = {
			fileEncoding = 4;
			isa = PBXFileReference;
			lastKnownFileType = sourcecode.c.h;
			path = TableMove.h;
			refType = 4;
			sourceTree = "<group>";
		};
		F265026704BF76F50099FD16 = {
			fileEncoding = 4;
			isa = PBXFileReference;
			lastKnownFileType = sourcecode.c.objc;
			path = TableMove.m;
			refType = 4;
			sourceTree = "<group>";
		};
		F265026804BF76F50099FD16 = {
			fileRef = F265026604BF76F50099FD16;
			isa = PBXBuildFile;
			settings = {
			};
		};
		F265026904BF76F50099FD16 = {
			fileRef = F265026704BF76F50099FD16;
			isa = PBXBuildFile;
			settings = {
			};
		};
		F26D7EC904D5E9BA00388118 = {
			fileEncoding = 30;
			isa = PBXFileReference;
			lastKnownFileType = sourcecode.c.h;
			path = HistoryController.h;
			refType = 4;
			sourceTree = "<group>";
		};
		F26D7ECA04D5E9BA00388118 = {
			fileEncoding = 30;
			isa = PBXFileReference;
			lastKnownFileType = sourcecode.c.objc;
			path = HistoryController.m;
			refType = 4;
			sourceTree = "<group>";
		};
		F26D7ECB04D5E9BA00388118 = {
			fileRef = F26D7EC904D5E9BA00388118;
			isa = PBXBuildFile;
			settings = {
			};
		};
		F26D7ECC04D5E9BA00388118 = {
			fileRef = F26D7ECA04D5E9BA00388118;
			isa = PBXBuildFile;
			settings = {
			};
		};
		F290B98C0505E42600DB1354 = {
			isa = PBXFileReference;
			lastKnownFileType = text.html;
			name = French;
			path = French.lproj/Credits.html;
			refType = 4;
			sourceTree = "<group>";
		};
		F290B98E0505E6BD00DB1354 = {
			isa = PBXFileReference;
			lastKnownFileType = wrapper.nib;
			name = French;
			path = French.lproj/MainMenu.nib;
			refType = 4;
			sourceTree = "<group>";
		};
		F290B98F0505E6CF00DB1354 = {
			isa = PBXFileReference;
			lastKnownFileType = text.plist.strings;
			name = French;
			path = French.lproj/InfoPlist.strings;
			refType = 4;
			sourceTree = "<group>";
		};
		F290B9900505E6DD00DB1354 = {
			isa = PBXFileReference;
			lastKnownFileType = text.plist.strings;
			name = French;
			path = French.lproj/Localizable.strings;
			refType = 4;
			sourceTree = "<group>";
		};
		F2942F5A05023EBC002EC42F = {
			includeInIndex = 1;
			isa = PBXFileReference;
			lastKnownFileType = folder;
			name = Dutch;
			path = Dutch.lproj/Help;
			refType = 4;
			sourceTree = "<group>";
		};
		F2A0197104FF51B8001757F2 = {
			fileRef = F2ABB4D504B76E8B006A8F0E;
			isa = PBXBuildFile;
			settings = {
			};
		};
		F2ABB4D504B76E8B006A8F0E = {
			fileEncoding = 4;
			isa = PBXFileReference;
			lastKnownFileType = sourcecode.c.h;
			path = Card.h;
			refType = 4;
			sourceTree = "<group>";
		};
		F2ABB4D604B76E8B006A8F0E = {
			fileEncoding = 4;
			isa = PBXFileReference;
			lastKnownFileType = sourcecode.c.objc;
			path = Card.m;
			refType = 4;
			sourceTree = "<group>";
		};
		F2ABB4D804B76E8B006A8F0E = {
			fileRef = F2ABB4D604B76E8B006A8F0E;
			isa = PBXBuildFile;
			settings = {
			};
		};
		F2B09AC904DB2C7C00203F18 = {
			fileEncoding = 30;
			isa = PBXFileReference;
			lastKnownFileType = sourcecode.c.h;
			path = PreferencesController.h;
			refType = 4;
			sourceTree = "<group>";
		};
		F2B09ACA04DB2C7C00203F18 = {
			fileEncoding = 30;
			isa = PBXFileReference;
			lastKnownFileType = sourcecode.c.objc;
			path = PreferencesController.m;
			refType = 4;
			sourceTree = "<group>";
		};
		F2B09ACB04DB2C7C00203F18 = {
			fileRef = F2B09AC904DB2C7C00203F18;
			isa = PBXBuildFile;
			settings = {
			};
		};
		F2B09ACC04DB2C7C00203F18 = {
			fileRef = F2B09ACA04DB2C7C00203F18;
			isa = PBXBuildFile;
			settings = {
			};
		};
		F2B3C1C304B48990008FB189 = {
			fileEncoding = 4;
			isa = PBXFileReference;
			lastKnownFileType = sourcecode.c.h;
			path = Table.h;
			refType = 4;
			sourceTree = "<group>";
		};
		F2B3C1C404B48990008FB189 = {
			fileEncoding = 4;
			isa = PBXFileReference;
			lastKnownFileType = sourcecode.c.objc;
			path = Table.m;
			refType = 4;
			sourceTree = "<group>";
		};
		F2B3C1C504B48990008FB189 = {
			fileRef = F2B3C1C304B48990008FB189;
			isa = PBXBuildFile;
			settings = {
			};
		};
		F2B4CA5B04C3317600634620 = {
			fileEncoding = 30;
			isa = PBXFileReference;
			lastKnownFileType = text.html;
			name = English;
			path = English.lproj/Credits.html;
			refType = 4;
			sourceTree = "<group>";
		};
		F2B6AE4D07F5933000F80727 = {
			fileEncoding = 30;
			isa = PBXFileReference;
			lastKnownFileType = sourcecode.c.c;
			path = vccRand.c;
			refType = 4;
			sourceTree = "<group>";
		};
		F2B6AE4E07F5933000F80727 = {
			fileEncoding = 30;
			isa = PBXFileReference;
			lastKnownFileType = sourcecode.c.h;
			path = vccRand.h;
			refType = 4;
			sourceTree = "<group>";
		};
		F2B6AE4F07F5933000F80727 = {
			fileRef = F2B6AE4D07F5933000F80727;
			isa = PBXBuildFile;
			settings = {
			};
		};
		F2B6AE5007F5933000F80727 = {
			fileRef = F2B6AE4E07F5933000F80727;
			isa = PBXBuildFile;
			settings = {
			};
		};
		F2BD40BD04E06C960098C7F4 = {
			children = (
				F2BD40BE04E06C960098C7F4,
				F2E139210502401B0059D1F0,
				F290B9900505E6DD00DB1354,
				F2FE115407C91E0400C0DC93,
				F2FE115507C91E0600C0DC93,
				F2EBA8CC07C9392C0093A065,
			);
			isa = PBXVariantGroup;
			name = Localizable.strings;
			path = "";
			refType = 4;
			sourceTree = "<group>";
		};
		F2BD40BE04E06C960098C7F4 = {
			fileEncoding = 4;
			isa = PBXFileReference;
			lastKnownFileType = text.plist.strings;
			name = English;
			path = English.lproj/Localizable.strings;
			refType = 4;
			sourceTree = "<group>";
		};
		F2BD40BF04E06C960098C7F4 = {
			fileRef = F2BD40BD04E06C960098C7F4;
			isa = PBXBuildFile;
			settings = {
			};
		};
		F2BE027E04C067C50069C297 = {
			fileRef = F2B3C1C404B48990008FB189;
			isa = PBXBuildFile;
			settings = {
			};
		};
		F2BFB9B104B89C1D0085C4AC = {
			fileEncoding = 4;
			isa = PBXFileReference;
			lastKnownFileType = sourcecode.c.h;
			path = CardView.h;
			refType = 4;
			sourceTree = "<group>";
		};
		F2BFB9B204B89C1D0085C4AC = {
			fileEncoding = 4;
			isa = PBXFileReference;
			lastKnownFileType = sourcecode.c.objc;
			path = CardView.m;
			refType = 4;
			sourceTree = "<group>";
		};
		F2BFB9B304B89C1D0085C4AC = {
			fileRef = F2BFB9B104B89C1D0085C4AC;
			isa = PBXBuildFile;
			settings = {
			};
		};
		F2BFB9B404B89C1D0085C4AC = {
			fileRef = F2BFB9B204B89C1D0085C4AC;
			isa = PBXBuildFile;
			settings = {
			};
		};
		F2C630BD04E07BDA00926905 = {
			children = (
				F2C630BE04E07BDA00926905,
				F2942F5A05023EBC002EC42F,
				F21273FF0508ADD60038B809,
				F2F8A98207C9226E00B609CB,
				F2F8A99407C9227000B609CB,
				F247590907C9436F007E46D8,
			);
			isa = PBXVariantGroup;
			name = Help;
			path = "";
			refType = 4;
			sourceTree = "<group>";
		};
		F2C630BE04E07BDA00926905 = {
			includeInIndex = 1;
			isa = PBXFileReference;
			lastKnownFileType = folder;
			name = English;
			path = English.lproj/Help;
			refType = 4;
			sourceTree = "<group>";
		};
		F2C630D104E07BDA00926905 = {
			fileRef = F2C630BD04E07BDA00926905;
			isa = PBXBuildFile;
			settings = {
			};
		};
		F2CBECB004B4D1890052BE5F = {
			fileEncoding = 4;
			isa = PBXFileReference;
			lastKnownFileType = sourcecode.c.h;
			path = Game.h;
			refType = 4;
			sourceTree = "<group>";
		};
		F2CBECB104B4D1890052BE5F = {
			fileEncoding = 4;
			isa = PBXFileReference;
			lastKnownFileType = sourcecode.c.objc;
			path = Game.m;
			refType = 4;
			sourceTree = "<group>";
		};
		F2CBECB204B4D1890052BE5F = {
			fileRef = F2CBECB004B4D1890052BE5F;
			isa = PBXBuildFile;
			settings = {
			};
		};
		F2CBECB304B4D1890052BE5F = {
			fileRef = F2CBECB104B4D1890052BE5F;
			isa = PBXBuildFile;
			settings = {
			};
		};
		F2CD26A404B477F30003D579 = {
			fileEncoding = 4;
			isa = PBXFileReference;
			lastKnownFileType = sourcecode.c.h;
			path = GameView.h;
			refType = 4;
			sourceTree = "<group>";
		};
		F2CD26A504B477F30003D579 = {
			fileEncoding = 4;
			isa = PBXFileReference;
			lastKnownFileType = sourcecode.c.objc;
			path = GameView.m;
			refType = 4;
			sourceTree = "<group>";
		};
		F2CD26A604B477F30003D579 = {
			fileRef = F2CD26A404B477F30003D579;
			isa = PBXBuildFile;
			settings = {
			};
		};
		F2CD26A704B477F30003D579 = {
			fileRef = F2CD26A504B477F30003D579;
			isa = PBXBuildFile;
			settings = {
			};
		};
		F2CFBFB104D331C700062083 = {
			fileEncoding = 4;
			isa = PBXFileReference;
			lastKnownFileType = sourcecode.c.h;
			path = History.h;
			refType = 4;
			sourceTree = "<group>";
		};
		F2CFBFB204D331C700062083 = {
			fileEncoding = 4;
			isa = PBXFileReference;
			lastKnownFileType = sourcecode.c.objc;
			path = History.m;
			refType = 4;
			sourceTree = "<group>";
		};
		F2CFBFB304D331C700062083 = {
			fileRef = F2CFBFB104D331C700062083;
			isa = PBXBuildFile;
			settings = {
			};
		};
		F2CFBFB404D331C700062083 = {
			fileRef = F2CFBFB204D331C700062083;
			isa = PBXBuildFile;
			settings = {
			};
		};
		F2D5C97F04D01675009D3217 = {
			fileEncoding = 4;
			indentWidth = 4;
			isa = PBXFileReference;
			lastKnownFileType = sourcecode.c.h;
			path = TableLocation.h;
			refType = 4;
			sourceTree = "<group>";
			usesTabs = 0;
		};
		F2D5C98104D01684009D3217 = {
			fileEncoding = 4;
			isa = PBXFileReference;
			lastKnownFileType = sourcecode.c.objc;
			path = TableLocation.m;
			refType = 4;
			sourceTree = "<group>";
		};
		F2D5C98304D01684009D3217 = {
			fileRef = F2D5C98104D01684009D3217;
			isa = PBXBuildFile;
			settings = {
			};
		};
		F2E1391E05023FEB0059D1F0 = {
			isa = PBXFileReference;
			lastKnownFileType = text.html;
			name = Dutch;
			path = Dutch.lproj/Credits.html;
			refType = 4;
			sourceTree = "<group>";
		};
		F2E13920050240090059D1F0 = {
			isa = PBXFileReference;
			lastKnownFileType = wrapper.nib;
			name = Dutch;
			path = Dutch.lproj/MainMenu.nib;
			refType = 4;
			sourceTree = "<group>";
		};
		F2E139210502401B0059D1F0 = {
			isa = PBXFileReference;
			lastKnownFileType = text.plist.strings;
			name = Dutch;
			path = Dutch.lproj/Localizable.strings;
			refType = 4;
			sourceTree = "<group>";
		};
		F2E139220502402B0059D1F0 = {
			isa = PBXFileReference;
			lastKnownFileType = text.plist.strings;
			name = Dutch;
			path = Dutch.lproj/InfoPlist.strings;
			refType = 4;
			sourceTree = "<group>";
		};
		F2E57CE104C20E36005D2EDB = {
			isa = PBXFileReference;
			lastKnownFileType = image.icns;
			path = Freecell.icns;
			refType = 4;
			sourceTree = "<group>";
		};
		F2E57CE204C20E36005D2EDB = {
			fileRef = F2E57CE104C20E36005D2EDB;
			isa = PBXBuildFile;
			settings = {
			};
		};
		F2E74A2804D6A1A300494E10 = {
			fileEncoding = 4;
			isa = PBXFileReference;
			lastKnownFileType = sourcecode.c.h;
			path = Result.h;
			refType = 4;
			sourceTree = "<group>";
		};
		F2E74A2904D6A1A300494E10 = {
			fileEncoding = 4;
			isa = PBXFileReference;
			lastKnownFileType = sourcecode.c.objc;
			path = Result.m;
			refType = 4;
			sourceTree = "<group>";
		};
		F2E74A2A04D6A1A300494E10 = {
			fileRef = F2E74A2804D6A1A300494E10;
			isa = PBXBuildFile;
			settings = {
			};
		};
		F2E74A2B04D6A1A300494E10 = {
			fileRef = F2E74A2904D6A1A300494E10;
			isa = PBXBuildFile;
			settings = {
			};
		};
		F2E8E6CB04D016B00030A4AD = {
			fileRef = F2D5C97F04D01675009D3217;
			isa = PBXBuildFile;
			settings = {
			};
		};
		F2EBA8CA07C9391D0093A065 = {
			isa = PBXFileReference;
			lastKnownFileType = wrapper.nib;
			name = Finnish;
			path = Finnish.lproj/MainMenu.nib;
			refType = 4;
			sourceTree = "<group>";
		};
		F2EBA8CB07C939260093A065 = {
			isa = PBXFileReference;
			lastKnownFileType = text.html;
			name = Finnish;
			path = Finnish.lproj/Credits.html;
			refType = 4;
			sourceTree = "<group>";
		};
		F2EBA8CC07C9392C0093A065 = {
			fileEncoding = 4;
			isa = PBXFileReference;
			lastKnownFileType = text.plist.strings;
			name = Finnish;
			path = Finnish.lproj/Localizable.strings;
			refType = 4;
			sourceTree = "<group>";
		};
		F2EBA8CD07C939340093A065 = {
			isa = PBXFileReference;
			lastKnownFileType = text.plist.strings;
			name = Finnish;
			path = Finnish.lproj/InfoPlist.strings;
			refType = 4;
			sourceTree = "<group>";
		};
		F2F17F5C04E07FD4003ED142 = {
			children = (
				F2B4CA5B04C3317600634620,
				F2E1391E05023FEB0059D1F0,
				F290B98C0505E42600DB1354,
				F2FE118507C91F5600C0DC93,
				F2FE118407C91F5300C0DC93,
				F2EBA8CB07C939260093A065,
			);
			isa = PBXVariantGroup;
			name = Credits.html;
			refType = 4;
			sourceTree = "<group>";
		};
		F2F17F5D04E07FD4003ED142 = {
			fileRef = F2F17F5C04E07FD4003ED142;
			isa = PBXBuildFile;
			settings = {
			};
		};
		F2F8A98207C9226E00B609CB = {
			isa = PBXFileReference;
			lastKnownFileType = folder;
			name = Japanese;
			path = Japanese.lproj/Help;
			refType = 4;
			sourceTree = "<group>";
		};
		F2F8A99407C9227000B609CB = {
			isa = PBXFileReference;
			lastKnownFileType = folder;
			name = Spanish;
			path = Spanish.lproj/Help;
			refType = 4;
			sourceTree = "<group>";
		};
		F2FE114707C91DD800C0DC93 = {
			isa = PBXFileReference;
			lastKnownFileType = wrapper.nib;
			name = Japanese;
			path = Japanese.lproj/MainMenu.nib;
			refType = 4;
			sourceTree = "<group>";
		};
		F2FE114807C91DDB00C0DC93 = {
			isa = PBXFileReference;
			lastKnownFileType = wrapper.nib;
			name = Spanish;
			path = Spanish.lproj/MainMenu.nib;
			refType = 4;
			sourceTree = "<group>";
		};
		F2FE115407C91E0400C0DC93 = {
			isa = PBXFileReference;
			lastKnownFileType = text.plist.strings;
			name = Spanish;
			path = Spanish.lproj/Localizable.strings;
			refType = 4;
			sourceTree = "<group>";
		};
		F2FE115507C91E0600C0DC93 = {
			isa = PBXFileReference;
			lastKnownFileType = text.plist.strings;
			name = Japanese;
			path = Japanese.lproj/Localizable.strings;
			refType = 4;
			sourceTree = "<group>";
		};
		F2FE115807C91E1B00C0DC93 = {
			isa = PBXFileReference;
			lastKnownFileType = text.plist.strings;
			name = Spanish;
			path = Spanish.lproj/InfoPlist.strings;
			refType = 4;
			sourceTree = "<group>";
		};
		F2FE115907C91E1D00C0DC93 = {
			isa = PBXFileReference;
			lastKnownFileType = text.plist.strings;
			name = Japanese;
			path = Japanese.lproj/InfoPlist.strings;
			refType = 4;
			sourceTree = "<group>";
		};
		F2FE118407C91F5300C0DC93 = {
			isa = PBXFileReference;
			lastKnownFileType = text.html;
			name = Japanese;
			path = Japanese.lproj/Credits.html;
			refType = 4;
			sourceTree = "<group>";
		};
		F2FE118507C91F5600C0DC93 = {
			isa = PBXFileReference;
			lastKnownFileType = text.html;
			name = Spanish;
			path = Spanish.lproj/Credits.html;
			refType = 4;
			sourceTree = "<group>";
		};
	};
	rootObject = 29B97313FDCFA39411CA2CEA;
}
